
Microsoft Visual Studio Solution File, Format Version 12.00
# Visual Studio 14
VisualStudioVersion = 14.0.25420.1
MinimumVisualStudioVersion = 10.0.40219.1
Project("{FAE04EC0-301F-11D3-BF4B-00C04F79EFBC}") = "Presentation.Web", "Presentation.Web\Presentation.Web.csproj", "{E75385A3-EA7C-4DFF-B989-BEE64BC506ED}"
EndProject
Project("{2150E333-8FDC-42A3-9474-1A3956D46DE8}") = "Tests", "Tests", "{42678F6A-7BFE-40AF-A659-0726A06DCE29}"
EndProject
Project("{FAE04EC0-301F-11D3-BF4B-00C04F79EFBC}") = "Tests.Unit.Presentation.Web", "Tests.Unit.Presentation.Web\Tests.Unit.Presentation.Web.csproj", "{73EA6CFE-4B6A-4F83-BA3F-93F83A08E73A}"
EndProject
Project("{2150E333-8FDC-42A3-9474-1A3956D46DE8}") = "Solution Items", "Solution Items", "{098F0368-603B-4AF3-80A4-569EAB468147}"
	ProjectSection(SolutionItems) = preProject
		.eslintrc = .eslintrc
		.gitignore = .gitignore
		appveyor.yml = appveyor.yml
		bower.json = bower.json
		bundle.config.js = bundle.config.js
		DOCUMENTATION.md = DOCUMENTATION.md
		gulpfile.js = gulpfile.js
		InstallSelfSignedCert.ps1 = InstallSelfSignedCert.ps1
		karma.conf.js = karma.conf.js
		package.json = package.json
		paths.config.js = paths.config.js
		protractor.conf.js = protractor.conf.js
		protractor.local.conf.js = protractor.local.conf.js
		README.md = README.md
		run-coverage.bat = run-coverage.bat
		run-local-coverage.bat = run-local-coverage.bat
		run-tests.bat = run-tests.bat
		testReport.mrt = testReport.mrt
		tslint.json = tslint.json
	EndProjectSection
EndProject
Project("{2150E333-8FDC-42A3-9474-1A3956D46DE8}") = "gulp", "gulp", "{8E3F47CB-D523-461B-A4EE-10CC6650DE8C}"
	ProjectSection(SolutionItems) = preProject
		gulp\deploy.js = gulp\deploy.js
		gulp\linting.js = gulp\linting.js
		gulp\test.js = gulp\test.js
	EndProjectSection
EndProject
Project("{2150E333-8FDC-42A3-9474-1A3956D46DE8}") = "Assets", "Assets", "{F9AC0D85-511A-4B8A-A7B0-02763A1BC618}"
	ProjectSection(SolutionItems) = preProject
		Assets\BrowserStack.svg = Assets\BrowserStack.svg
	EndProjectSection
EndProject
Project("{FAE04EC0-301F-11D3-BF4B-00C04F79EFBC}") = "Tests.Unit.Core", "Tests.Unit.Core.ApplicationServices\Tests.Unit.Core.csproj", "{46D252DC-0BC6-4EA6-B1B8-3896B9F00471}"
EndProject
Global
	GlobalSection(SolutionConfigurationPlatforms) = preSolution
		Debug|Any CPU = Debug|Any CPU
		Release|Any CPU = Release|Any CPU
	EndGlobalSection
	GlobalSection(ProjectConfigurationPlatforms) = postSolution
		{E75385A3-EA7C-4DFF-B989-BEE64BC506ED}.Debug|Any CPU.ActiveCfg = Debug|Any CPU
		{E75385A3-EA7C-4DFF-B989-BEE64BC506ED}.Debug|Any CPU.Build.0 = Debug|Any CPU
		{E75385A3-EA7C-4DFF-B989-BEE64BC506ED}.Release|Any CPU.ActiveCfg = Release|Any CPU
		{E75385A3-EA7C-4DFF-B989-BEE64BC506ED}.Release|Any CPU.Build.0 = Release|Any CPU
		{E75385A3-EA7C-4DFF-B989-BEE64BC506ED}.Release|Any CPU.Deploy.0 = Release|Any CPU
		{73EA6CFE-4B6A-4F83-BA3F-93F83A08E73A}.Debug|Any CPU.ActiveCfg = Debug|Any CPU
		{73EA6CFE-4B6A-4F83-BA3F-93F83A08E73A}.Debug|Any CPU.Build.0 = Debug|Any CPU
		{73EA6CFE-4B6A-4F83-BA3F-93F83A08E73A}.Release|Any CPU.ActiveCfg = Release|Any CPU
		{73EA6CFE-4B6A-4F83-BA3F-93F83A08E73A}.Release|Any CPU.Build.0 = Release|Any CPU
		{46D252DC-0BC6-4EA6-B1B8-3896B9F00471}.Debug|Any CPU.ActiveCfg = Debug|Any CPU
		{46D252DC-0BC6-4EA6-B1B8-3896B9F00471}.Debug|Any CPU.Build.0 = Debug|Any CPU
		{46D252DC-0BC6-4EA6-B1B8-3896B9F00471}.Release|Any CPU.ActiveCfg = Release|Any CPU
		{46D252DC-0BC6-4EA6-B1B8-3896B9F00471}.Release|Any CPU.Build.0 = Release|Any CPU
	EndGlobalSection
	GlobalSection(SolutionProperties) = preSolution
		HideSolutionNode = FALSE
	EndGlobalSection
	GlobalSection(NestedProjects) = preSolution
		{73EA6CFE-4B6A-4F83-BA3F-93F83A08E73A} = {42678F6A-7BFE-40AF-A659-0726A06DCE29}
		{8E3F47CB-D523-461B-A4EE-10CC6650DE8C} = {098F0368-603B-4AF3-80A4-569EAB468147}
		{F9AC0D85-511A-4B8A-A7B0-02763A1BC618} = {098F0368-603B-4AF3-80A4-569EAB468147}
		{46D252DC-0BC6-4EA6-B1B8-3896B9F00471} = {42678F6A-7BFE-40AF-A659-0726A06DCE29}
	EndGlobalSection
EndGlobal
