
Microsoft Visual Studio Solution File, Format Version 12.00
# Visual Studio 15
VisualStudioVersion = 15.0.28307.705
MinimumVisualStudioVersion = 10.0.40219.1
Project("{2150E333-8FDC-42A3-9474-1A3956D46DE8}") = "Core", "Core", "{2AC4CFA8-D99E-4DF2-9E2D-202E3A7BD29E}"
EndProject
Project("{2150E333-8FDC-42A3-9474-1A3956D46DE8}") = "Infrastructure", "Infrastructure", "{500B4C1D-B871-49A0-94E7-BD0623101EF6}"
EndProject
Project("{FAE04EC0-301F-11D3-BF4B-00C04F79EFBC}") = "Core.DomainModel", "Core.DomainModel\Core.DomainModel.csproj", "{A76A8E41-74F7-4443-A5F3-059B5414D83B}"
EndProject
Project("{FAE04EC0-301F-11D3-BF4B-00C04F79EFBC}") = "Core.DomainServices", "Core.DomainServices\Core.DomainServices.csproj", "{ADCACC1D-F538-464C-9102-F4C1D6FA35D3}"
EndProject
Project("{FAE04EC0-301F-11D3-BF4B-00C04F79EFBC}") = "Core.ApplicationServices", "Core.ApplicationServices\Core.ApplicationServices.csproj", "{F0986888-8F35-4559-8FBA-428BC9EC9ADD}"
EndProject
Project("{FAE04EC0-301F-11D3-BF4B-00C04F79EFBC}") = "Infrastructure.DataAccess", "Infrastructure.DataAccess\Infrastructure.DataAccess.csproj", "{6CD15363-5401-43C5-9479-02FDDFA881DC}"
EndProject
Project("{FAE04EC0-301F-11D3-BF4B-00C04F79EFBC}") = "Presentation.Web", "Presentation.Web\Presentation.Web.csproj", "{E75385A3-EA7C-4DFF-B989-BEE64BC506ED}"
	ProjectSection(ProjectDependencies) = postProject
		{5AE358F5-4F11-47FE-94BE-1588F357DCDC} = {5AE358F5-4F11-47FE-94BE-1588F357DCDC}
	EndProjectSection
EndProject
Project("{FAE04EC0-301F-11D3-BF4B-00C04F79EFBC}") = "Infrastructure.OpenXML", "Infrastructure.OpenXML\Infrastructure.OpenXML.csproj", "{5AE358F5-4F11-47FE-94BE-1588F357DCDC}"
	ProjectSection(ProjectDependencies) = postProject
		{ADCACC1D-F538-464C-9102-F4C1D6FA35D3} = {ADCACC1D-F538-464C-9102-F4C1D6FA35D3}
		{A76A8E41-74F7-4443-A5F3-059B5414D83B} = {A76A8E41-74F7-4443-A5F3-059B5414D83B}
		{F0986888-8F35-4559-8FBA-428BC9EC9ADD} = {F0986888-8F35-4559-8FBA-428BC9EC9ADD}
	EndProjectSection
EndProject
Project("{2150E333-8FDC-42A3-9474-1A3956D46DE8}") = "Tests", "Tests", "{42678F6A-7BFE-40AF-A659-0726A06DCE29}"
EndProject
Project("{FAE04EC0-301F-11D3-BF4B-00C04F79EFBC}") = "Tests.Unit.Presentation.Web", "Tests.Unit.Presentation.Web\Tests.Unit.Presentation.Web.csproj", "{73EA6CFE-4B6A-4F83-BA3F-93F83A08E73A}"
EndProject
Project("{2150E333-8FDC-42A3-9474-1A3956D46DE8}") = "Solution Items", "Solution Items", "{098F0368-603B-4AF3-80A4-569EAB468147}"
	ProjectSection(SolutionItems) = preProject
		.eslintrc = .eslintrc
		.gitignore = .gitignore
		bundle.config.js = bundle.config.js
		DOCUMENTATION.md = DOCUMENTATION.md
		gulpfile.js = gulpfile.js
		InstallSelfSignedCert.ps1 = InstallSelfSignedCert.ps1
		package.json = package.json
		paths.config.js = paths.config.js
		protractor.conf.js = protractor.conf.js
		protractor.headless.conf.js = protractor.headless.conf.js
		README.md = README.md
		testReport.mrt = testReport.mrt
		tslint.json = tslint.json
	EndProjectSection
EndProject
Project("{2150E333-8FDC-42A3-9474-1A3956D46DE8}") = "gulp", "gulp", "{8E3F47CB-D523-461B-A4EE-10CC6650DE8C}"
	ProjectSection(SolutionItems) = preProject
		gulp\deploy.js = gulp\deploy.js
		gulp\linting.js = gulp\linting.js
		gulp\ui-test.js = gulp\ui-test.js
	EndProjectSection
EndProject
Project("{2150E333-8FDC-42A3-9474-1A3956D46DE8}") = "Assets", "Assets", "{F9AC0D85-511A-4B8A-A7B0-02763A1BC618}"
	ProjectSection(SolutionItems) = preProject
		Assets\BrowserStack.svg = Assets\BrowserStack.svg
	EndProjectSection
EndProject
Project("{FAE04EC0-301F-11D3-BF4B-00C04F79EFBC}") = "Tests.Unit.Core", "Tests.Unit.Core.ApplicationServices\Tests.Unit.Core.csproj", "{46D252DC-0BC6-4EA6-B1B8-3896B9F00471}"
EndProject
Project("{2150E333-8FDC-42A3-9474-1A3956D46DE8}") = "Tools", "Tools", "{1755BABD-3C1F-497A-AB69-9D643B576506}"
EndProject
Project("{FAE04EC0-301F-11D3-BF4B-00C04F79EFBC}") = "Tools.Test.Database", "Tools.Test.Database\Tools.Test.Database.csproj", "{4B2D1B6A-F8E5-46EF-BD07-BBD0D3343913}"
EndProject
Project("{2150E333-8FDC-42A3-9474-1A3956D46DE8}") = "DeploymentScripts", "DeploymentScripts", "{99BC9B21-B4D9-4344-9393-FFAE60AA0283}"
	ProjectSection(SolutionItems) = preProject
		DeploymentScripts\AwsApi.ps1 = DeploymentScripts\AwsApi.ps1
		DeploymentScripts\CheckWebsiteVersion.ps1 = DeploymentScripts\CheckWebsiteVersion.ps1
		DeploymentScripts\DbMigrations.ps1 = DeploymentScripts\DbMigrations.ps1
		DeploymentScripts\DeploymentSetup.ps1 = DeploymentScripts\DeploymentSetup.ps1
		DeploymentScripts\DeployWebsite.ps1 = DeploymentScripts\DeployWebsite.ps1
		DeploymentScripts\DeployWebsiteToEnvironment.ps1 = DeploymentScripts\DeployWebsiteToEnvironment.ps1
		DeploymentScripts\PrepareCleanDeveloperDatabase.ps1 = DeploymentScripts\PrepareCleanDeveloperDatabase.ps1
		DeploymentScripts\PrepareIntegrationDatabase.ps1 = DeploymentScripts\PrepareIntegrationDatabase.ps1
		DeploymentScripts\PrepareLocalDatabase.ps1 = DeploymentScripts\PrepareLocalDatabase.ps1
		DeploymentScripts\PrepareProductionDatabase.ps1 = DeploymentScripts\PrepareProductionDatabase.ps1
		DeploymentScripts\PrepareTestDatabase.ps1 = DeploymentScripts\PrepareTestDatabase.ps1
		DeploymentScripts\RunE2ETests.ps1 = DeploymentScripts\RunE2ETests.ps1
		DeploymentScripts\RunE2ETestsLocally.ps1 = DeploymentScripts\RunE2ETestsLocally.ps1
		DeploymentScripts\RunE2ETestsOnIntegration.ps1 = DeploymentScripts\RunE2ETestsOnIntegration.ps1
		DeploymentScripts\runE2ETestsSingle.ps1 = DeploymentScripts\runE2ETestsSingle.ps1
		DeploymentScripts\VpnCli.ps1 = DeploymentScripts\VpnCli.ps1
	EndProjectSection
EndProject
Project("{2150E333-8FDC-42A3-9474-1A3956D46DE8}") = "02_Unit", "02_Unit", "{8FD29D91-1CAC-4A14-B085-7631FA4E81DB}"
EndProject
Project("{FAE04EC0-301F-11D3-BF4B-00C04F79EFBC}") = "CiscoAnyConnectTool", "DeploymentTools\CiscoAnyConnectTool\CiscoAnyConnectTool.csproj", "{FE733415-7189-4EB7-A694-8D3B2BE27549}"
EndProject
Project("{2150E333-8FDC-42A3-9474-1A3956D46DE8}") = "03_Integration", "03_Integration", "{1A926F74-9D45-4E47-AD27-967027E1C64A}"
EndProject
Project("{FAE04EC0-301F-11D3-BF4B-00C04F79EFBC}") = "Tests.Integration.Presentation.Web", "Tests.Integration.Presentation.Web\Tests.Integration.Presentation.Web.csproj", "{46D4551A-7301-456B-A9BA-1E0621C09112}"
EndProject
Project("{FAE04EC0-301F-11D3-BF4B-00C04F79EFBC}") = "Infrastructure.Services", "Infrastructure.Services\Infrastructure.Services.csproj", "{0326CAE6-87A1-4D66-84AE-EB8CE0340E9F}"
EndProject
Project("{FAE04EC0-301F-11D3-BF4B-00C04F79EFBC}") = "Tests.Toolkit", "Tests.Toolkit\Tests.Toolkit.csproj", "{43199485-65C5-4BFF-88B2-B594D5B58146}"
EndProject
Project("{2150E333-8FDC-42A3-9474-1A3956D46DE8}") = "01_Tools", "01_Tools", "{D8C15077-71C5-4837-9F3C-3B642B142434}"
EndProject
Project("{FAE04EC0-301F-11D3-BF4B-00C04F79EFBC}") = "Tools.SSOWithKombitSts", "Tools.SSOWithKombitSts\Tools.SSOWithKombitSts.csproj", "{2285BE42-1FDB-4B48-B9C3-4E87D829515A}"
EndProject
Project("{FAE04EC0-301F-11D3-BF4B-00C04F79EFBC}") = "Infrastructure.Soap", "Infrastructure.Soap\Infrastructure.Soap.csproj", "{A05389EA-25F4-45B5-8534-0775D9671456}"
EndProject
Global
	GlobalSection(SolutionConfigurationPlatforms) = preSolution
		Debug|Any CPU = Debug|Any CPU
		Release|Any CPU = Release|Any CPU
	EndGlobalSection
	GlobalSection(ProjectConfigurationPlatforms) = postSolution
		{A76A8E41-74F7-4443-A5F3-059B5414D83B}.Debug|Any CPU.ActiveCfg = Debug|Any CPU
		{A76A8E41-74F7-4443-A5F3-059B5414D83B}.Debug|Any CPU.Build.0 = Debug|Any CPU
		{A76A8E41-74F7-4443-A5F3-059B5414D83B}.Release|Any CPU.ActiveCfg = Release|Any CPU
		{A76A8E41-74F7-4443-A5F3-059B5414D83B}.Release|Any CPU.Build.0 = Release|Any CPU
		{ADCACC1D-F538-464C-9102-F4C1D6FA35D3}.Debug|Any CPU.ActiveCfg = Debug|Any CPU
		{ADCACC1D-F538-464C-9102-F4C1D6FA35D3}.Debug|Any CPU.Build.0 = Debug|Any CPU
		{ADCACC1D-F538-464C-9102-F4C1D6FA35D3}.Release|Any CPU.ActiveCfg = Release|Any CPU
		{ADCACC1D-F538-464C-9102-F4C1D6FA35D3}.Release|Any CPU.Build.0 = Release|Any CPU
		{F0986888-8F35-4559-8FBA-428BC9EC9ADD}.Debug|Any CPU.ActiveCfg = Debug|Any CPU
		{F0986888-8F35-4559-8FBA-428BC9EC9ADD}.Debug|Any CPU.Build.0 = Debug|Any CPU
		{F0986888-8F35-4559-8FBA-428BC9EC9ADD}.Release|Any CPU.ActiveCfg = Release|Any CPU
		{F0986888-8F35-4559-8FBA-428BC9EC9ADD}.Release|Any CPU.Build.0 = Release|Any CPU
		{6CD15363-5401-43C5-9479-02FDDFA881DC}.Debug|Any CPU.ActiveCfg = Debug|Any CPU
		{6CD15363-5401-43C5-9479-02FDDFA881DC}.Debug|Any CPU.Build.0 = Debug|Any CPU
		{6CD15363-5401-43C5-9479-02FDDFA881DC}.Release|Any CPU.ActiveCfg = Release|Any CPU
		{6CD15363-5401-43C5-9479-02FDDFA881DC}.Release|Any CPU.Build.0 = Release|Any CPU
		{E75385A3-EA7C-4DFF-B989-BEE64BC506ED}.Debug|Any CPU.ActiveCfg = Debug|Any CPU
		{E75385A3-EA7C-4DFF-B989-BEE64BC506ED}.Debug|Any CPU.Build.0 = Debug|Any CPU
		{E75385A3-EA7C-4DFF-B989-BEE64BC506ED}.Release|Any CPU.ActiveCfg = Release|Any CPU
		{E75385A3-EA7C-4DFF-B989-BEE64BC506ED}.Release|Any CPU.Build.0 = Release|Any CPU
		{5AE358F5-4F11-47FE-94BE-1588F357DCDC}.Debug|Any CPU.ActiveCfg = Debug|Any CPU
		{5AE358F5-4F11-47FE-94BE-1588F357DCDC}.Debug|Any CPU.Build.0 = Debug|Any CPU
		{5AE358F5-4F11-47FE-94BE-1588F357DCDC}.Release|Any CPU.ActiveCfg = Release|Any CPU
		{5AE358F5-4F11-47FE-94BE-1588F357DCDC}.Release|Any CPU.Build.0 = Release|Any CPU
		{73EA6CFE-4B6A-4F83-BA3F-93F83A08E73A}.Debug|Any CPU.ActiveCfg = Debug|Any CPU
		{73EA6CFE-4B6A-4F83-BA3F-93F83A08E73A}.Debug|Any CPU.Build.0 = Debug|Any CPU
		{73EA6CFE-4B6A-4F83-BA3F-93F83A08E73A}.Release|Any CPU.ActiveCfg = Release|Any CPU
		{73EA6CFE-4B6A-4F83-BA3F-93F83A08E73A}.Release|Any CPU.Build.0 = Release|Any CPU
		{46D252DC-0BC6-4EA6-B1B8-3896B9F00471}.Debug|Any CPU.ActiveCfg = Debug|Any CPU
		{46D252DC-0BC6-4EA6-B1B8-3896B9F00471}.Debug|Any CPU.Build.0 = Debug|Any CPU
		{46D252DC-0BC6-4EA6-B1B8-3896B9F00471}.Release|Any CPU.ActiveCfg = Release|Any CPU
		{46D252DC-0BC6-4EA6-B1B8-3896B9F00471}.Release|Any CPU.Build.0 = Release|Any CPU
		{4B2D1B6A-F8E5-46EF-BD07-BBD0D3343913}.Debug|Any CPU.ActiveCfg = Debug|Any CPU
		{4B2D1B6A-F8E5-46EF-BD07-BBD0D3343913}.Debug|Any CPU.Build.0 = Debug|Any CPU
		{4B2D1B6A-F8E5-46EF-BD07-BBD0D3343913}.Release|Any CPU.ActiveCfg = Release|Any CPU
		{4B2D1B6A-F8E5-46EF-BD07-BBD0D3343913}.Release|Any CPU.Build.0 = Release|Any CPU
		{FE733415-7189-4EB7-A694-8D3B2BE27549}.Debug|Any CPU.ActiveCfg = Debug|Any CPU
		{FE733415-7189-4EB7-A694-8D3B2BE27549}.Debug|Any CPU.Build.0 = Debug|Any CPU
		{FE733415-7189-4EB7-A694-8D3B2BE27549}.Release|Any CPU.ActiveCfg = Release|Any CPU
		{FE733415-7189-4EB7-A694-8D3B2BE27549}.Release|Any CPU.Build.0 = Release|Any CPU
		{46D4551A-7301-456B-A9BA-1E0621C09112}.Debug|Any CPU.ActiveCfg = Debug|Any CPU
		{46D4551A-7301-456B-A9BA-1E0621C09112}.Debug|Any CPU.Build.0 = Debug|Any CPU
		{46D4551A-7301-456B-A9BA-1E0621C09112}.Release|Any CPU.ActiveCfg = Release|Any CPU
		{46D4551A-7301-456B-A9BA-1E0621C09112}.Release|Any CPU.Build.0 = Release|Any CPU
		{0326CAE6-87A1-4D66-84AE-EB8CE0340E9F}.Debug|Any CPU.ActiveCfg = Debug|Any CPU
		{0326CAE6-87A1-4D66-84AE-EB8CE0340E9F}.Debug|Any CPU.Build.0 = Debug|Any CPU
		{0326CAE6-87A1-4D66-84AE-EB8CE0340E9F}.Release|Any CPU.ActiveCfg = Release|Any CPU
		{0326CAE6-87A1-4D66-84AE-EB8CE0340E9F}.Release|Any CPU.Build.0 = Release|Any CPU
		{43199485-65C5-4BFF-88B2-B594D5B58146}.Debug|Any CPU.ActiveCfg = Debug|Any CPU
		{43199485-65C5-4BFF-88B2-B594D5B58146}.Debug|Any CPU.Build.0 = Debug|Any CPU
		{43199485-65C5-4BFF-88B2-B594D5B58146}.Release|Any CPU.ActiveCfg = Release|Any CPU
		{43199485-65C5-4BFF-88B2-B594D5B58146}.Release|Any CPU.Build.0 = Release|Any CPU
		{2285BE42-1FDB-4B48-B9C3-4E87D829515A}.Debug|Any CPU.ActiveCfg = Debug|Any CPU
		{2285BE42-1FDB-4B48-B9C3-4E87D829515A}.Debug|Any CPU.Build.0 = Debug|Any CPU
		{2285BE42-1FDB-4B48-B9C3-4E87D829515A}.Release|Any CPU.ActiveCfg = Release|Any CPU
		{2285BE42-1FDB-4B48-B9C3-4E87D829515A}.Release|Any CPU.Build.0 = Release|Any CPU
		{A05389EA-25F4-45B5-8534-0775D9671456}.Debug|Any CPU.ActiveCfg = Debug|Any CPU
		{A05389EA-25F4-45B5-8534-0775D9671456}.Debug|Any CPU.Build.0 = Debug|Any CPU
		{A05389EA-25F4-45B5-8534-0775D9671456}.Release|Any CPU.ActiveCfg = Release|Any CPU
		{A05389EA-25F4-45B5-8534-0775D9671456}.Release|Any CPU.Build.0 = Release|Any CPU
	EndGlobalSection
	GlobalSection(SolutionProperties) = preSolution
		HideSolutionNode = FALSE
	EndGlobalSection
	GlobalSection(NestedProjects) = preSolution
		{A76A8E41-74F7-4443-A5F3-059B5414D83B} = {2AC4CFA8-D99E-4DF2-9E2D-202E3A7BD29E}
		{ADCACC1D-F538-464C-9102-F4C1D6FA35D3} = {2AC4CFA8-D99E-4DF2-9E2D-202E3A7BD29E}
		{F0986888-8F35-4559-8FBA-428BC9EC9ADD} = {2AC4CFA8-D99E-4DF2-9E2D-202E3A7BD29E}
		{6CD15363-5401-43C5-9479-02FDDFA881DC} = {500B4C1D-B871-49A0-94E7-BD0623101EF6}
		{5AE358F5-4F11-47FE-94BE-1588F357DCDC} = {500B4C1D-B871-49A0-94E7-BD0623101EF6}
		{73EA6CFE-4B6A-4F83-BA3F-93F83A08E73A} = {8FD29D91-1CAC-4A14-B085-7631FA4E81DB}
		{8E3F47CB-D523-461B-A4EE-10CC6650DE8C} = {098F0368-603B-4AF3-80A4-569EAB468147}
		{F9AC0D85-511A-4B8A-A7B0-02763A1BC618} = {098F0368-603B-4AF3-80A4-569EAB468147}
		{46D252DC-0BC6-4EA6-B1B8-3896B9F00471} = {8FD29D91-1CAC-4A14-B085-7631FA4E81DB}
		{4B2D1B6A-F8E5-46EF-BD07-BBD0D3343913} = {1755BABD-3C1F-497A-AB69-9D643B576506}
		{99BC9B21-B4D9-4344-9393-FFAE60AA0283} = {098F0368-603B-4AF3-80A4-569EAB468147}
		{8FD29D91-1CAC-4A14-B085-7631FA4E81DB} = {42678F6A-7BFE-40AF-A659-0726A06DCE29}
		{FE733415-7189-4EB7-A694-8D3B2BE27549} = {1755BABD-3C1F-497A-AB69-9D643B576506}
		{1A926F74-9D45-4E47-AD27-967027E1C64A} = {42678F6A-7BFE-40AF-A659-0726A06DCE29}
		{46D4551A-7301-456B-A9BA-1E0621C09112} = {1A926F74-9D45-4E47-AD27-967027E1C64A}
		{0326CAE6-87A1-4D66-84AE-EB8CE0340E9F} = {500B4C1D-B871-49A0-94E7-BD0623101EF6}
		{43199485-65C5-4BFF-88B2-B594D5B58146} = {D8C15077-71C5-4837-9F3C-3B642B142434}
		{D8C15077-71C5-4837-9F3C-3B642B142434} = {42678F6A-7BFE-40AF-A659-0726A06DCE29}
		{2285BE42-1FDB-4B48-B9C3-4E87D829515A} = {1755BABD-3C1F-497A-AB69-9D643B576506}
		{A05389EA-25F4-45B5-8534-0775D9671456} = {500B4C1D-B871-49A0-94E7-BD0623101EF6}
	EndGlobalSection
	GlobalSection(ExtensibilityGlobals) = postSolution
		SolutionGuid = {4890FA32-C82F-4C98-AC7A-2F4EE7F21687}
	EndGlobalSection
EndGlobal
