
Microsoft Visual Studio Solution File, Format Version 12.00
# Visual Studio 15
VisualStudioVersion = 15.0.28307.757
MinimumVisualStudioVersion = 10.0.40219.1
Project("{FAE04EC0-301F-11D3-BF4B-00C04F79EFBC}") = "Tests.Integration.Presentation.Web", "Tests.Integration.Presentation.Web\Tests.Integration.Presentation.Web.csproj", "{46D4551A-7301-456B-A9BA-1E0621C09112}"
EndProject
Global
	GlobalSection(SolutionConfigurationPlatforms) = preSolution
		Debug|Any CPU = Debug|Any CPU
		Release|Any CPU = Release|Any CPU
	EndGlobalSection
	GlobalSection(ProjectConfigurationPlatforms) = postSolution
		{46D4551A-7301-456B-A9BA-1E0621C09112}.Debug|Any CPU.ActiveCfg = Debug|Any CPU
		{46D4551A-7301-456B-A9BA-1E0621C09112}.Debug|Any CPU.Build.0 = Debug|Any CPU
		{46D4551A-7301-456B-A9BA-1E0621C09112}.Release|Any CPU.ActiveCfg = Release|Any CPU
		{46D4551A-7301-456B-A9BA-1E0621C09112}.Release|Any CPU.Build.0 = Release|Any CPU
	EndGlobalSection
	GlobalSection(SolutionProperties) = preSolution
		HideSolutionNode = FALSE
	EndGlobalSection
	GlobalSection(ExtensibilityGlobals) = postSolution
		SolutionGuid = {E936E26C-89E8-4367-8303-73631A5D94C4}
	EndGlobalSection
EndGlobal
