
Microsoft Visual Studio Solution File, Format Version 12.00
# Visual Studio Version 17
VisualStudioVersion = 17.12.35728.132 d17.12
MinimumVisualStudioVersion = 10.0.40219.1
Project("{FAE04EC0-301F-11D3-BF4B-00C04F79EFBC}") = "Tests.PubSubTester", "Tests.PubSubTester\Tests.PubSubTester.csproj", "{9D5DCA1E-5DA1-47CB-964A-85DD1556DCB3}"
EndProject
Global
	GlobalSection(SolutionConfigurationPlatforms) = preSolution
		Debug|Any CPU = Debug|Any CPU
		Release|Any CPU = Release|Any CPU
	EndGlobalSection
	GlobalSection(ProjectConfigurationPlatforms) = postSolution
		{9D5DCA1E-5DA1-47CB-964A-85DD1556DCB3}.Debug|Any CPU.ActiveCfg = Debug|Any CPU
		{9D5DCA1E-5DA1-47CB-964A-85DD1556DCB3}.Debug|Any CPU.Build.0 = Debug|Any CPU
		{9D5DCA1E-5DA1-47CB-964A-85DD1556DCB3}.Release|Any CPU.ActiveCfg = Release|Any CPU
		{9D5DCA1E-5DA1-47CB-964A-85DD1556DCB3}.Release|Any CPU.Build.0 = Release|Any CPU
	EndGlobalSection
	GlobalSection(SolutionProperties) = preSolution
		HideSolutionNode = FALSE
	EndGlobalSection
EndGlobal
