
Microsoft Visual Studio Solution File, Format Version 12.00
# Visual Studio Version 17
VisualStudioVersion = 17.9.34701.34
MinimumVisualStudioVersion = 10.0.40219.1
Project("{FAE04EC0-301F-11D3-BF4B-00C04F79EFBC}") = "SAMLResponseDecryptor", "SAMLResponseDecryptor\SAMLResponseDecryptor.csproj", "{65CD5231-8EAF-4DF0-BEDF-F70F647D6DC0}"
EndProject
Global
	GlobalSection(SolutionConfigurationPlatforms) = preSolution
		Debug|Any CPU = Debug|Any CPU
		Release|Any CPU = Release|Any CPU
	EndGlobalSection
	GlobalSection(ProjectConfigurationPlatforms) = postSolution
		{65CD5231-8EAF-4DF0-BEDF-F70F647D6DC0}.Debug|Any CPU.ActiveCfg = Debug|Any CPU
		{65CD5231-8EAF-4DF0-BEDF-F70F647D6DC0}.Debug|Any CPU.Build.0 = Debug|Any CPU
		{65CD5231-8EAF-4DF0-BEDF-F70F647D6DC0}.Release|Any CPU.ActiveCfg = Release|Any CPU
		{65CD5231-8EAF-4DF0-BEDF-F70F647D6DC0}.Release|Any CPU.Build.0 = Release|Any CPU
	EndGlobalSection
	GlobalSection(SolutionProperties) = preSolution
		HideSolutionNode = FALSE
	EndGlobalSection
	GlobalSection(ExtensibilityGlobals) = postSolution
		SolutionGuid = {FBED5B15-FEC6-49E5-AE18-0CF8EE8FDCF0}
	EndGlobalSection
EndGlobal
